dependencies:
- name: postgresql
  repository: https://raw.githubusercontent.com/hardyscc/charts/master/
  version: 0.0.2
- name: redis
  repository: https://raw.githubusercontent.com/hardyscc/charts/master/
  version: 0.0.3
digest: sha256:626ccf25a803c2f6d89032bb2f384659752752cf0f7efd0ba480187866eb0c5a
generated: 2018-09-06T16:30:40.866436958+08:00
