dependencies:
- name: postgresql
  repository: https://raw.githubusercontent.com/tktwong/charts/master/
  version: 0.0.2
- name: redis
  repository: https://raw.githubusercontent.com/tktwong/charts/master/
  version: 0.0.4
digest: sha256:3ee0689eec58ad796c996adb7a929ff747757462e0179707e1c35e72ff0850f2
generated: 2018-09-18T03:44:13.068924822Z
