dependencies:
- name: postgresql
  repository: https://raw.githubusercontent.com/hardyscc/charts/master/
  version: 0.0.2
- name: redis
  repository: https://raw.githubusercontent.com/hardyscc/charts/master/
  version: 0.0.4
digest: sha256:0b29c7559a14d8e86d145aafd40727afb1fce5e4fc5987118bd0414a568a9422
generated: 2018-09-08T16:01:35.854184107+08:00
